
Microsoft Visual Studio Solution File, Format Version 11.00
# Visual C# Express 2010
Project("{FAE04EC0-301F-11D3-BF4B-00C04F79EFBC}") = "ZyncroApiSample", "ZyncroApiSample\ZyncroApiSample.csproj", "{FC8BFC4C-144D-4B64-A72F-27CF9BE0BE09}"
EndProject
Project("{FAE04EC0-301F-11D3-BF4B-00C04F79EFBC}") = "DevDefined.OAuth", "DevDefined.OAuth\DevDefined.OAuth.csproj", "{61B700B6-3911-4CEF-8751-7F42CA765068}"
EndProject
Global
	GlobalSection(SolutionConfigurationPlatforms) = preSolution
		Debug|Any CPU = Debug|Any CPU
		Debug|Mixed Platforms = Debug|Mixed Platforms
		Debug|x86 = Debug|x86
		Release|Any CPU = Release|Any CPU
		Release|Mixed Platforms = Release|Mixed Platforms
		Release|x86 = Release|x86
	EndGlobalSection
	GlobalSection(ProjectConfigurationPlatforms) = postSolution
		{FC8BFC4C-144D-4B64-A72F-27CF9BE0BE09}.Debug|Any CPU.ActiveCfg = Debug|x86
		{FC8BFC4C-144D-4B64-A72F-27CF9BE0BE09}.Debug|Mixed Platforms.ActiveCfg = Debug|x86
		{FC8BFC4C-144D-4B64-A72F-27CF9BE0BE09}.Debug|Mixed Platforms.Build.0 = Debug|x86
		{FC8BFC4C-144D-4B64-A72F-27CF9BE0BE09}.Debug|x86.ActiveCfg = Debug|x86
		{FC8BFC4C-144D-4B64-A72F-27CF9BE0BE09}.Debug|x86.Build.0 = Debug|x86
		{FC8BFC4C-144D-4B64-A72F-27CF9BE0BE09}.Release|Any CPU.ActiveCfg = Release|x86
		{FC8BFC4C-144D-4B64-A72F-27CF9BE0BE09}.Release|Mixed Platforms.ActiveCfg = Release|x86
		{FC8BFC4C-144D-4B64-A72F-27CF9BE0BE09}.Release|Mixed Platforms.Build.0 = Release|x86
		{FC8BFC4C-144D-4B64-A72F-27CF9BE0BE09}.Release|x86.ActiveCfg = Release|x86
		{FC8BFC4C-144D-4B64-A72F-27CF9BE0BE09}.Release|x86.Build.0 = Release|x86
		{61B700B6-3911-4CEF-8751-7F42CA765068}.Debug|Any CPU.ActiveCfg = Debug|Any CPU
		{61B700B6-3911-4CEF-8751-7F42CA765068}.Debug|Any CPU.Build.0 = Debug|Any CPU
		{61B700B6-3911-4CEF-8751-7F42CA765068}.Debug|Mixed Platforms.ActiveCfg = Debug|Any CPU
		{61B700B6-3911-4CEF-8751-7F42CA765068}.Debug|Mixed Platforms.Build.0 = Debug|Any CPU
		{61B700B6-3911-4CEF-8751-7F42CA765068}.Debug|x86.ActiveCfg = Debug|Any CPU
		{61B700B6-3911-4CEF-8751-7F42CA765068}.Release|Any CPU.ActiveCfg = Release|Any CPU
		{61B700B6-3911-4CEF-8751-7F42CA765068}.Release|Any CPU.Build.0 = Release|Any CPU
		{61B700B6-3911-4CEF-8751-7F42CA765068}.Release|Mixed Platforms.ActiveCfg = Release|Any CPU
		{61B700B6-3911-4CEF-8751-7F42CA765068}.Release|Mixed Platforms.Build.0 = Release|Any CPU
		{61B700B6-3911-4CEF-8751-7F42CA765068}.Release|x86.ActiveCfg = Release|Any CPU
	EndGlobalSection
	GlobalSection(SolutionProperties) = preSolution
		HideSolutionNode = FALSE
	EndGlobalSection
EndGlobal
